Microsoft Visual Studio Solution File, Format Version 12.00
# Visual Studio Version 17
VisualStudioVersion = 17.5.2.0
MinimumVisualStudioVersion = 10.0.40219.1
Project("{FAE04EC0-301F-11D3-BF4B-00C04F79EFBC}") = "ClinicaMedicaApp", "ClinicaMedicaApp.csproj", "{11B7A5EE-EC19-1983-71C2-5C0973090E76}"
EndProject
Global
	GlobalSection(SolutionConfigurationPlatforms) = preSolution
		Debug|Any CPU = Debug|Any CPU
		Release|Any CPU = Release|Any CPU
	EndGlobalSection
	GlobalSection(ProjectConfigurationPlatforms) = postSolution
		{11B7A5EE-EC19-1983-71C2-5C0973090E76}.Debug|Any CPU.ActiveCfg = Debug|Any CPU
		{11B7A5EE-EC19-1983-71C2-5C0973090E76}.Debug|Any CPU.Build.0 = Debug|Any CPU
		{11B7A5EE-EC19-1983-71C2-5C0973090E76}.Release|Any CPU.ActiveCfg = Release|Any CPU
		{11B7A5EE-EC19-1983-71C2-5C0973090E76}.Release|Any CPU.Build.0 = Release|Any CPU
	EndGlobalSection
	GlobalSection(SolutionProperties) = preSolution
		HideSolutionNode = FALSE
	EndGlobalSection
	GlobalSection(ExtensibilityGlobals) = postSolution
		SolutionGuid = {C4DFF525-E336-4936-87CB-76689AB4FDF3}
	EndGlobalSection
EndGlobal
